
Microsoft Visual Studio Solution File, Format Version 12.00
# Visual Studio Version 16
VisualStudioVersion = 16.0.29709.97
MinimumVisualStudioVersion = 10.0.40219.1
Project("{FAE04EC0-301F-11D3-BF4B-00C04F79EFBC}") = "MediatorPattern", "MediatorPattern.csproj", "{984A3AF8-8084-4721-8D18-16049BF68717}"
EndProject
Global
	GlobalSection(SolutionConfigurationPlatforms) = preSolution
		Debug|Any CPU = Debug|Any CPU
		Release|Any CPU = Release|Any CPU
	EndGlobalSection
	GlobalSection(ProjectConfigurationPlatforms) = postSolution
		{984A3AF8-8084-4721-8D18-16049BF68717}.Debug|Any CPU.ActiveCfg = Debug|Any CPU
		{984A3AF8-8084-4721-8D18-16049BF68717}.Debug|Any CPU.Build.0 = Debug|Any CPU
		{984A3AF8-8084-4721-8D18-16049BF68717}.Release|Any CPU.ActiveCfg = Release|Any CPU
		{984A3AF8-8084-4721-8D18-16049BF68717}.Release|Any CPU.Build.0 = Release|Any CPU
	EndGlobalSection
	GlobalSection(SolutionProperties) = preSolution
		HideSolutionNode = FALSE
	EndGlobalSection
	GlobalSection(ExtensibilityGlobals) = postSolution
		SolutionGuid = {193F5C85-3822-4276-930A-F027662CFFEE}
	EndGlobalSection
EndGlobal
