
Microsoft Visual Studio Solution File, Format Version 12.00
# Visual Studio Version 16
VisualStudioVersion = 16.0.29709.97
MinimumVisualStudioVersion = 10.0.40219.1
Project("{FAE04EC0-301F-11D3-BF4B-00C04F79EFBC}") = "FacadePattern", "FacadePattern.csproj", "{7E72D31C-2A17-4AC4-923C-9E30CDC530C8}"
EndProject
Global
	GlobalSection(SolutionConfigurationPlatforms) = preSolution
		Debug|Any CPU = Debug|Any CPU
		Release|Any CPU = Release|Any CPU
	EndGlobalSection
	GlobalSection(ProjectConfigurationPlatforms) = postSolution
		{7E72D31C-2A17-4AC4-923C-9E30CDC530C8}.Debug|Any CPU.ActiveCfg = Debug|Any CPU
		{7E72D31C-2A17-4AC4-923C-9E30CDC530C8}.Debug|Any CPU.Build.0 = Debug|Any CPU
		{7E72D31C-2A17-4AC4-923C-9E30CDC530C8}.Release|Any CPU.ActiveCfg = Release|Any CPU
		{7E72D31C-2A17-4AC4-923C-9E30CDC530C8}.Release|Any CPU.Build.0 = Release|Any CPU
	EndGlobalSection
	GlobalSection(SolutionProperties) = preSolution
		HideSolutionNode = FALSE
	EndGlobalSection
	GlobalSection(ExtensibilityGlobals) = postSolution
		SolutionGuid = {C633A0F9-3641-4D11-8808-DD70059EC057}
	EndGlobalSection
EndGlobal
